
Microsoft Visual Studio Solution File, Format Version 12.00
# Visual Studio Version 17
VisualStudioVersion = 17.10.35013.160
MinimumVisualStudioVersion = 10.0.40219.1
Project("{9A19103F-16F7-4668-BE54-9A1E7A4F7556}") = "WebApplication4", "WebApplication4\WebApplication4.csproj", "{2861A2EC-0226-4C52-ACD8-0A5E4E0041CE}"
EndProject
Global
	GlobalSection(SolutionConfigurationPlatforms) = preSolution
		Debug|Any CPU = Debug|Any CPU
		Release|Any CPU = Release|Any CPU
	EndGlobalSection
	GlobalSection(ProjectConfigurationPlatforms) = postSolution
		{2861A2EC-0226-4C52-ACD8-0A5E4E0041CE}.Debug|Any CPU.ActiveCfg = Debug|Any CPU
		{2861A2EC-0226-4C52-ACD8-0A5E4E0041CE}.Debug|Any CPU.Build.0 = Debug|Any CPU
		{2861A2EC-0226-4C52-ACD8-0A5E4E0041CE}.Release|Any CPU.ActiveCfg = Release|Any CPU
		{2861A2EC-0226-4C52-ACD8-0A5E4E0041CE}.Release|Any CPU.Build.0 = Release|Any CPU
	EndGlobalSection
	GlobalSection(SolutionProperties) = preSolution
		HideSolutionNode = FALSE
	EndGlobalSection
	GlobalSection(ExtensibilityGlobals) = postSolution
		SolutionGuid = {BE3ECF26-4E85-4300-8126-8747BCC1253B}
	EndGlobalSection
EndGlobal
